dependencies:
  espressif/esp32-camera:
    component_hash: null
    source:
      path: /home/afzal-khan/esp/projects/mCamera-esp32
      type: local
    version: '*'
  idf:
    component_hash: null
    source:
      type: idf
    version: 5.0.4
manifest_hash: e3931a1420bbe3169ca04b1bd1851325f4f3172ccdf924dc1673b856cdfa1525
target: esp32
version: 1.0.0
